# THIS IS AN AUTOGENERATED FILE. DO NOT EDIT THIS FILE DIRECTLY.
# yarn lockfile v1


webcomponentsjs-custom-element-v0@^1.0.2:
  version "1.0.2"
  resolved "https://registry.yarnpkg.com/webcomponentsjs-custom-element-v0/-/webcomponentsjs-custom-element-v0-1.0.2.tgz#3cd13aba3222680b1b1da823719c8d3cc3d594ee"

webcomponentsjs-shadow-dom-v0@^1.0.2:
  version "1.0.2"
  resolved "https://registry.yarnpkg.com/webcomponentsjs-shadow-dom-v0/-/webcomponentsjs-shadow-dom-v0-1.0.2.tgz#5a342f3e2f7b9f253c77b3e60aebf792f00f656a"
